
Microsoft Visual Studio Solution File, Format Version 12.00
# Visual Studio Version 16
VisualStudioVersion = 16.0.31424.327
MinimumVisualStudioVersion = 10.0.40219.1
Project("{FAE04EC0-301F-11D3-BF4B-00C04F79EFBC}") = "sendMail", "sendMail\sendMail.csproj", "{5E1D7DDB-E6CE-4EB8-A93D-26FA29221DB9}"
EndProject
Global
	GlobalSection(SolutionConfigurationPlatforms) = preSolution
		Debug|Any CPU = Debug|Any CPU
		Release|Any CPU = Release|Any CPU
	EndGlobalSection
	GlobalSection(ProjectConfigurationPlatforms) = postSolution
		{5E1D7DDB-E6CE-4EB8-A93D-26FA29221DB9}.Debug|Any CPU.ActiveCfg = Debug|Any CPU
		{5E1D7DDB-E6CE-4EB8-A93D-26FA29221DB9}.Debug|Any CPU.Build.0 = Debug|Any CPU
		{5E1D7DDB-E6CE-4EB8-A93D-26FA29221DB9}.Release|Any CPU.ActiveCfg = Release|Any CPU
		{5E1D7DDB-E6CE-4EB8-A93D-26FA29221DB9}.Release|Any CPU.Build.0 = Release|Any CPU
	EndGlobalSection
	GlobalSection(SolutionProperties) = preSolution
		HideSolutionNode = FALSE
	EndGlobalSection
	GlobalSection(ExtensibilityGlobals) = postSolution
		SolutionGuid = {FED6349D-C945-4A08-9621-048B548DDCF9}
	EndGlobalSection
EndGlobal
